
Microsoft Visual Studio Solution File, Format Version 12.00
# Visual Studio Version 17
VisualStudioVersion = 17.13.35828.75 d17.13
MinimumVisualStudioVersion = 10.0.40219.1
Project("{FAE04EC0-301F-11D3-BF4B-00C04F79EFBC}") = "KayoBank", "KayoBank\KayoBank.csproj", "{E0C357DA-E95D-415A-AC8D-0A1BB1739023}"
EndProject
Global
	GlobalSection(SolutionConfigurationPlatforms) = preSolution
		Debug|Any CPU = Debug|Any CPU
		Release|Any CPU = Release|Any CPU
	EndGlobalSection
	GlobalSection(ProjectConfigurationPlatforms) = postSolution
		{E0C357DA-E95D-415A-AC8D-0A1BB1739023}.Debug|Any CPU.ActiveCfg = Debug|Any CPU
		{E0C357DA-E95D-415A-AC8D-0A1BB1739023}.Debug|Any CPU.Build.0 = Debug|Any CPU
		{E0C357DA-E95D-415A-AC8D-0A1BB1739023}.Release|Any CPU.ActiveCfg = Release|Any CPU
		{E0C357DA-E95D-415A-AC8D-0A1BB1739023}.Release|Any CPU.Build.0 = Release|Any CPU
	EndGlobalSection
	GlobalSection(SolutionProperties) = preSolution
		HideSolutionNode = FALSE
	EndGlobalSection
	GlobalSection(ExtensibilityGlobals) = postSolution
		SolutionGuid = {04ADF001-2C37-4B0A-AA7A-C997DC47F926}
	EndGlobalSection
EndGlobal
